# This file is automatically @generated by Cargo.
# It is not intended for manual editing.
version = 3

[[package]]
name = "advapi32-sys"
version = "0.2.0"
source = "registry+https://github.com/rust-lang/crates.io-index"
checksum = "e06588080cb19d0acb6739808aafa5f26bfb2ca015b2b6370028b44cf7cb8a9a"
dependencies = [
 "winapi 0.2.8",
 "winapi-build",
]

[[package]]
name = "aho-corasick"
version = "0.6.4"
source = "registry+https://github.com/rust-lang/crates.io-index"
checksum = "d6531d44de723825aa81398a6415283229725a00fa30713812ab9323faa82fc4"
dependencies = [
 "memchr",
]

[[package]]
name = "ascii"
version = "0.7.1"
source = "registry+https://github.com/rust-lang/crates.io-index"
checksum = "3ae7d751998c189c1d4468cf0a39bb2eae052a9c58d50ebb3b9591ee3813ad50"

[[package]]
name = "backtrace"
version = "0.3.4"
source = "registry+https://github.com/rust-lang/crates.io-index"
checksum = "8709cc7ec06f6f0ae6c2c7e12f6ed41540781f72b488d83734978295ceae182e"
dependencies = [
 "backtrace-sys",
 "cfg-if",
 "dbghelp-sys",
 "kernel32-sys",
 "libc",
 "rustc-demangle",
 "winapi 0.2.8",
]

[[package]]
name = "backtrace-sys"
version = "0.1.16"
source = "registry+https://github.com/rust-lang/crates.io-index"
checksum = "44585761d6161b0f57afc49482ab6bd067e4edef48c12a152c237eb0203f7661"
dependencies = [
 "cc",
 "libc",
]

[[package]]
name = "base64"
version = "0.9.2"
source = "registry+https://github.com/rust-lang/crates.io-index"
checksum = "85415d2594767338a74a30c1d370b2f3262ec1b4ed2d7bba5b3faf4de40467d9"
dependencies = [
 "byteorder",
 "safemem",
]

[[package]]
name = "bitflags"
version = "0.7.0"
source = "registry+https://github.com/rust-lang/crates.io-index"
checksum = "aad18937a628ec6abcd26d1489012cc0e18c21798210f491af69ded9b881106d"

[[package]]
name = "byteorder"
version = "1.2.1"
source = "registry+https://github.com/rust-lang/crates.io-index"
checksum = "652805b7e73fada9d85e9a6682a4abd490cb52d96aeecc12e33a0de34dfd0d23"

[[package]]
name = "cc"
version = "1.0.3"
source = "registry+https://github.com/rust-lang/crates.io-index"
checksum = "a9b13a57efd6b30ecd6598ebdb302cca617930b5470647570468a65d12ef9719"

[[package]]
name = "cesu8"
version = "1.1.0"
source = "registry+https://github.com/rust-lang/crates.io-index"
checksum = "6d43a04d8753f35258c91f8ec639f792891f748a1edbd759cf1dcea3382ad83c"

[[package]]
name = "cfg-if"
version = "0.1.2"
source = "registry+https://github.com/rust-lang/crates.io-index"
checksum = "d4c819a1287eb618df47cc647173c5c4c66ba19d888a6e50d605672aed3140de"

[[package]]
name = "combine"
version = "2.5.2"
source = "registry+https://github.com/rust-lang/crates.io-index"
checksum = "1645a65a99c7c8d345761f4b75a6ffe5be3b3b27a93ee731fccc5050ba6be97c"
dependencies = [
 "ascii",
 "byteorder",
]

[[package]]
name = "dbghelp-sys"
version = "0.2.0"
source = "registry+https://github.com/rust-lang/crates.io-index"
checksum = "97590ba53bcb8ac28279161ca943a924d1fd4a8fb3fa63302591647c4fc5b850"
dependencies = [
 "winapi 0.2.8",
 "winapi-build",
]

[[package]]
name = "error-chain"
version = "0.11.0"
source = "registry+https://github.com/rust-lang/crates.io-index"
checksum = "ff511d5dc435d703f4971bc399647c9bc38e20cb41452e3b9feb4765419ed3f3"
dependencies = [
 "backtrace",
]

[[package]]
name = "ffi_utils"
version = "0.8.0"
source = "registry+https://github.com/rust-lang/crates.io-index"
checksum = "d7ba6ef16b3685b64dd428e5e9729c15eb88a78707738dbb27fe87afb2fd83c4"
dependencies = [
 "base64",
 "jni",
 "log 0.4.4",
 "regex",
 "serde",
 "serde_derive",
 "unwrap",
 "walkdir",
]

[[package]]
name = "fuchsia-zircon"
version = "0.2.1"
source = "registry+https://github.com/rust-lang/crates.io-index"
checksum = "f6c0581a4e363262e52b87f59ee2afe3415361c6ec35e665924eb08afe8ff159"
dependencies = [
 "fuchsia-zircon-sys",
]

[[package]]
name = "fuchsia-zircon-sys"
version = "0.2.0"
source = "registry+https://github.com/rust-lang/crates.io-index"
checksum = "43f3795b4bae048dc6123a6b972cadde2e676f9ded08aef6bb77f5f157684a82"
dependencies = [
 "bitflags",
]

[[package]]
name = "jni"
version = "0.10.1"
source = "registry+https://github.com/rust-lang/crates.io-index"
checksum = "5479b540809575c4d6e3e68be5cdc33e03e0ab3d2108479a65d0374f2e82c1b9"
dependencies = [
 "cesu8",
 "combine",
 "error-chain",
 "jni-sys",
 "log 0.3.9",
 "walkdir",
]

[[package]]
name = "jni-sys"
version = "0.3.0"
source = "registry+https://github.com/rust-lang/crates.io-index"
checksum = "8eaf4bc02d17cbdd7ff4c7438cafcdf7fb9a4613313ad11b4f8fefe7d3fa0130"

[[package]]
name = "kernel32-sys"
version = "0.2.2"
source = "registry+https://github.com/rust-lang/crates.io-index"
checksum = "7507624b29483431c0ba2d82aece8ca6cdba9382bff4ddd0f7490560c056098d"
dependencies = [
 "winapi 0.2.8",
 "winapi-build",
]

[[package]]
name = "ktmw32-sys"
version = "0.1.1"
source = "registry+https://github.com/rust-lang/crates.io-index"
checksum = "3e7bd349909cb66100a2e177e5ad59fbcba0628f1a1b1f2e2e78d0ead03bbb05"
dependencies = [
 "winapi 0.2.8",
 "winapi-build",
]

[[package]]
name = "lazy_static"
version = "1.0.0"
source = "registry+https://github.com/rust-lang/crates.io-index"
checksum = "c8f31047daa365f19be14b47c29df4f7c3b581832407daabe6ae77397619237d"

[[package]]
name = "libc"
version = "0.2.34"
source = "registry+https://github.com/rust-lang/crates.io-index"
checksum = "36fbc8a8929c632868295d0178dd8f63fc423fd7537ad0738372bd010b3ac9b0"

[[package]]
name = "log"
version = "0.3.9"
source = "registry+https://github.com/rust-lang/crates.io-index"
checksum = "e19e8d5c34a3e0e2223db8e060f9e8264aeeb5c5fc64a4ee9965c062211c024b"
dependencies = [
 "log 0.4.4",
]

[[package]]
name = "log"
version = "0.4.4"
source = "registry+https://github.com/rust-lang/crates.io-index"
checksum = "cba860f648db8e6f269df990180c2217f333472b4a6e901e97446858487971e2"
dependencies = [
 "cfg-if",
]

[[package]]
name = "memchr"
version = "2.0.1"
source = "registry+https://github.com/rust-lang/crates.io-index"
checksum = "796fba70e76612589ed2ce7f45282f5af869e0fdd7cc6199fa1aa1f1d591ba9d"
dependencies = [
 "libc",
]

[[package]]
name = "proc-macro2"
version = "0.4.13"
source = "registry+https://github.com/rust-lang/crates.io-index"
checksum = "ee5697238f0d893c7f0ecc59c0999f18d2af85e424de441178bcacc9f9e6cf67"
dependencies = [
 "unicode-xid",
]

[[package]]
name = "quick-error"
version = "1.2.2"
source = "registry+https://github.com/rust-lang/crates.io-index"
checksum = "9274b940887ce9addde99c4eee6b5c44cc494b182b97e73dc8ffdcb3397fd3f0"

[[package]]
name = "quote"
version = "0.6.8"
source = "registry+https://github.com/rust-lang/crates.io-index"
checksum = "dd636425967c33af890042c483632d33fa7a18f19ad1d7ea72e8998c6ef8dea5"
dependencies = [
 "proc-macro2",
]

[[package]]
name = "rand"
version = "0.3.18"
source = "registry+https://github.com/rust-lang/crates.io-index"
checksum = "6475140dfd8655aeb72e1fd4b7a1cc1c202be65d71669476e392fe62532b9edd"
dependencies = [
 "fuchsia-zircon",
 "libc",
]

[[package]]
name = "regex"
version = "0.2.11"
source = "registry+https://github.com/rust-lang/crates.io-index"
checksum = "9329abc99e39129fcceabd24cf5d85b4671ef7c29c50e972bc5afe32438ec384"
dependencies = [
 "aho-corasick",
 "memchr",
 "regex-syntax",
 "thread_local",
 "utf8-ranges",
]

[[package]]
name = "regex-syntax"
version = "0.5.6"
source = "registry+https://github.com/rust-lang/crates.io-index"
checksum = "7d707a4fa2637f2dca2ef9fd02225ec7661fe01a53623c1e6515b6916511f7a7"
dependencies = [
 "ucd-util",
]

[[package]]
name = "rustc-demangle"
version = "0.1.5"
source = "registry+https://github.com/rust-lang/crates.io-index"
checksum = "aee45432acc62f7b9a108cc054142dac51f979e69e71ddce7d6fc7adf29e817e"

[[package]]
name = "rustc-serialize"
version = "0.3.24"
source = "registry+https://github.com/rust-lang/crates.io-index"
checksum = "dcf128d1287d2ea9d80910b5f1120d0b8eede3fbf1abe91c40d39ea7d51e6fda"

[[package]]
name = "safemem"
version = "0.2.0"
source = "registry+https://github.com/rust-lang/crates.io-index"
checksum = "e27a8b19b835f7aea908818e871f5cc3a5a186550c30773be987e155e8163d8f"

[[package]]
name = "same-file"
version = "1.0.3"
source = "registry+https://github.com/rust-lang/crates.io-index"
checksum = "10f7794e2fda7f594866840e95f5c5962e886e228e68b6505885811a94dd728c"
dependencies = [
 "winapi-util",
]

[[package]]
name = "serde"
version = "1.0.75"
source = "registry+https://github.com/rust-lang/crates.io-index"
checksum = "22d340507cea0b7e6632900a176101fea959c7065d93ba555072da90aaaafc87"

[[package]]
name = "serde_derive"
version = "1.0.75"
source = "registry+https://github.com/rust-lang/crates.io-index"
checksum = "234fc8b737737b148ccd625175fc6390f5e4dacfdaa543cb93a3430d984a9119"
dependencies = [
 "proc-macro2",
 "quote",
 "syn",
]

[[package]]
name = "syn"
version = "0.14.9"
source = "registry+https://github.com/rust-lang/crates.io-index"
checksum = "261ae9ecaa397c42b960649561949d69311f08eeaea86a65696e6e46517cf741"
dependencies = [
 "proc-macro2",
 "quote",
 "unicode-xid",
]

[[package]]
name = "system_uri"
version = "0.4.0"
dependencies = [
 "ffi_utils",
 "libc",
 "quick-error",
 "rand",
 "unwrap",
 "winapi 0.2.8",
 "winreg",
 "xdg-basedir",
]

[[package]]
name = "thread_local"
version = "0.3.5"
source = "registry+https://github.com/rust-lang/crates.io-index"
checksum = "279ef31c19ededf577bfd12dfae728040a21f635b06a24cd670ff510edd38963"
dependencies = [
 "lazy_static",
 "unreachable",
]

[[package]]
name = "ucd-util"
version = "0.1.1"
source = "registry+https://github.com/rust-lang/crates.io-index"
checksum = "fd2be2d6639d0f8fe6cdda291ad456e23629558d466e2789d2c3e9892bda285d"

[[package]]
name = "unicode-xid"
version = "0.1.0"
source = "registry+https://github.com/rust-lang/crates.io-index"
checksum = "fc72304796d0818e357ead4e000d19c9c174ab23dc11093ac919054d20a6a7fc"

[[package]]
name = "unreachable"
version = "1.0.0"
source = "registry+https://github.com/rust-lang/crates.io-index"
checksum = "382810877fe448991dfc7f0dd6e3ae5d58088fd0ea5e35189655f84e6814fa56"
dependencies = [
 "void",
]

[[package]]
name = "unwrap"
version = "1.2.1"
source = "registry+https://github.com/rust-lang/crates.io-index"
checksum = "7e33648dd74328e622c7be51f3b40a303c63f93e6fa5f08778b6203a4c25c20f"

[[package]]
name = "utf8-ranges"
version = "1.0.0"
source = "registry+https://github.com/rust-lang/crates.io-index"
checksum = "662fab6525a98beff2921d7f61a39e7d59e0b425ebc7d0d9e66d316e55124122"

[[package]]
name = "void"
version = "1.0.2"
source = "registry+https://github.com/rust-lang/crates.io-index"
checksum = "6a02e4885ed3bc0f2de90ea6dd45ebcbb66dacffe03547fadbb0eeae2770887d"

[[package]]
name = "walkdir"
version = "2.0.1"
source = "registry+https://github.com/rust-lang/crates.io-index"
checksum = "40b6d201f4f8998a837196b6de9c73e35af14c992cbb92c4ab641d2c2dce52de"
dependencies = [
 "same-file",
]

[[package]]
name = "winapi"
version = "0.2.8"
source = "registry+https://github.com/rust-lang/crates.io-index"
checksum = "167dc9d6949a9b857f3451275e911c3f44255842c1f7a76f33c55103a909087a"

[[package]]
name = "winapi"
version = "0.3.2"
source = "registry+https://github.com/rust-lang/crates.io-index"
checksum = "890b38836c01d72fdb636d15c9cfc52ec7fd783b330abc93cd1686f4308dfccc"
dependencies = [
 "winapi-i686-pc-windows-gnu",
 "winapi-x86_64-pc-windows-gnu",
]

[[package]]
name = "winapi-build"
version = "0.1.1"
source = "registry+https://github.com/rust-lang/crates.io-index"
checksum = "2d315eee3b34aca4797b2da6b13ed88266e6d612562a0c46390af8299fc699bc"

[[package]]
name = "winapi-i686-pc-windows-gnu"
version = "0.3.1"
source = "registry+https://github.com/rust-lang/crates.io-index"
checksum = "ca38ad0b1b8fcebdf9a7906e368ce3a760ffa638c4c4f0cb57f3c26ad34cc86e"

[[package]]
name = "winapi-util"
version = "0.1.1"
source = "registry+https://github.com/rust-lang/crates.io-index"
checksum = "afc5508759c5bf4285e61feb862b6083c8480aec864fa17a81fdec6f69b461ab"
dependencies = [
 "winapi 0.3.2",
]

[[package]]
name = "winapi-x86_64-pc-windows-gnu"
version = "0.3.1"
source = "registry+https://github.com/rust-lang/crates.io-index"
checksum = "a824ed89cff621305f4ae379551c65e1fca1eadb1d4a25e3a4e8989080a2d337"

[[package]]
name = "winreg"
version = "0.4.0"
source = "registry+https://github.com/rust-lang/crates.io-index"
checksum = "cbf285379f20d7f26abd990d9a566be9d31ab7a9d335299baaa1f0604f5f96af"
dependencies = [
 "advapi32-sys",
 "kernel32-sys",
 "ktmw32-sys",
 "rustc-serialize",
 "winapi 0.2.8",
]

[[package]]
name = "xdg-basedir"
version = "1.0.0"
source = "registry+https://github.com/rust-lang/crates.io-index"
checksum = "0095d076939c4f9dc76ea678b45e94cf0a9fe0fc1c1c3c2cb6b1e3a3ccfcbbfc"
